
Microsoft Visual Studio Solution File, Format Version 12.00
# Visual Studio Version 16
VisualStudioVersion = 16.0.31105.61
MinimumVisualStudioVersion = 10.0.40219.1
Project("{8BC9CEB8-8B4A-11D0-8D11-00A0C91BC942}") = "2-Data_Types_tutorial", "2-Data_Types_tutorial\2-Data_Types_tutorial.vcxproj", "{57E4FC68-FF29-47B9-BB85-C9FCE264DB70}"
EndProject
Global
	GlobalSection(SolutionConfigurationPlatforms) = preSolution
		Debug|x64 = Debug|x64
		Debug|x86 = Debug|x86
		Release|x64 = Release|x64
		Release|x86 = Release|x86
	EndGlobalSection
	GlobalSection(ProjectConfigurationPlatforms) = postSolution
		{57E4FC68-FF29-47B9-BB85-C9FCE264DB70}.Debug|x64.ActiveCfg = Debug|x64
		{57E4FC68-FF29-47B9-BB85-C9FCE264DB70}.Debug|x64.Build.0 = Debug|x64
		{57E4FC68-FF29-47B9-BB85-C9FCE264DB70}.Debug|x86.ActiveCfg = Debug|Win32
		{57E4FC68-FF29-47B9-BB85-C9FCE264DB70}.Debug|x86.Build.0 = Debug|Win32
		{57E4FC68-FF29-47B9-BB85-C9FCE264DB70}.Release|x64.ActiveCfg = Release|x64
		{57E4FC68-FF29-47B9-BB85-C9FCE264DB70}.Release|x64.Build.0 = Release|x64
		{57E4FC68-FF29-47B9-BB85-C9FCE264DB70}.Release|x86.ActiveCfg = Release|Win32
		{57E4FC68-FF29-47B9-BB85-C9FCE264DB70}.Release|x86.Build.0 = Release|Win32
	EndGlobalSection
	GlobalSection(SolutionProperties) = preSolution
		HideSolutionNode = FALSE
	EndGlobalSection
	GlobalSection(ExtensibilityGlobals) = postSolution
		SolutionGuid = {D1AF69A0-6DCE-49C9-8D8C-DFCE7885A484}
	EndGlobalSection
EndGlobal
